
Microsoft Visual Studio Solution File, Format Version 12.00
# Visual Studio Version 16
VisualStudioVersion = 16.0.29318.209
MinimumVisualStudioVersion = 10.0.40219.1
Project("{9A19103F-16F7-4668-BE54-9A1E7A4F7556}") = "ArtIsPain.Server", "ArtIsPain\Server\ArtIsPain.Server.csproj", "{95FD24A1-5801-4838-813F-7E5D6E396555}"
EndProject
Project("{9A19103F-16F7-4668-BE54-9A1E7A4F7556}") = "ArtIsPain.Shared", "ArtIsPain\Shared\ArtIsPain.Shared.csproj", "{D545A106-08D2-4AD0-AD5B-1AC65C703A3B}"
EndProject
Project("{2150E333-8FDC-42A3-9474-1A3956D46DE8}") = "src", "src", "{84779E1F-1C0C-45BA-ABAB-CE74800E0544}"
EndProject
Project("{2150E333-8FDC-42A3-9474-1A3956D46DE8}") = "tests", "tests", "{8D5D8EF7-B31F-4DC1-B31F-85133BDFEEAA}"
EndProject
Project("{2150E333-8FDC-42A3-9474-1A3956D46DE8}") = "deployment", "deployment", "{993423AB-A4B7-455E-9947-602E619DE5E6}"
EndProject
Project("{2150E333-8FDC-42A3-9474-1A3956D46DE8}") = "BuildCake", "BuildCake", "{E3E75A12-FD3C-4178-A5F5-2BED6277DD96}"
	ProjectSection(SolutionItems) = preProject
		ArtIsPain\BuildCake\build.cake = ArtIsPain\BuildCake\build.cake
		ArtIsPain\BuildCake\build.ps1 = ArtIsPain\BuildCake\build.ps1
	EndProjectSection
EndProject
Project("{9A19103F-16F7-4668-BE54-9A1E7A4F7556}") = "ArtIsPain.UnitTests", "ArtIsPain\UnitTests\ArtIsPain.UnitTests.csproj", "{8C03BC5E-D682-4182-B340-BEE3AFFDA81F}"
EndProject
Global
	GlobalSection(SolutionConfigurationPlatforms) = preSolution
		Debug|Any CPU = Debug|Any CPU
		Release|Any CPU = Release|Any CPU
	EndGlobalSection
	GlobalSection(ProjectConfigurationPlatforms) = postSolution
		{95FD24A1-5801-4838-813F-7E5D6E396555}.Debug|Any CPU.ActiveCfg = Debug|Any CPU
		{95FD24A1-5801-4838-813F-7E5D6E396555}.Debug|Any CPU.Build.0 = Debug|Any CPU
		{95FD24A1-5801-4838-813F-7E5D6E396555}.Release|Any CPU.ActiveCfg = Release|Any CPU
		{95FD24A1-5801-4838-813F-7E5D6E396555}.Release|Any CPU.Build.0 = Release|Any CPU
		{D545A106-08D2-4AD0-AD5B-1AC65C703A3B}.Debug|Any CPU.ActiveCfg = Debug|Any CPU
		{D545A106-08D2-4AD0-AD5B-1AC65C703A3B}.Debug|Any CPU.Build.0 = Debug|Any CPU
		{D545A106-08D2-4AD0-AD5B-1AC65C703A3B}.Release|Any CPU.ActiveCfg = Release|Any CPU
		{D545A106-08D2-4AD0-AD5B-1AC65C703A3B}.Release|Any CPU.Build.0 = Release|Any CPU
		{8C03BC5E-D682-4182-B340-BEE3AFFDA81F}.Debug|Any CPU.ActiveCfg = Debug|Any CPU
		{8C03BC5E-D682-4182-B340-BEE3AFFDA81F}.Debug|Any CPU.Build.0 = Debug|Any CPU
		{8C03BC5E-D682-4182-B340-BEE3AFFDA81F}.Release|Any CPU.ActiveCfg = Release|Any CPU
		{8C03BC5E-D682-4182-B340-BEE3AFFDA81F}.Release|Any CPU.Build.0 = Release|Any CPU
	EndGlobalSection
	GlobalSection(SolutionProperties) = preSolution
		HideSolutionNode = FALSE
	EndGlobalSection
	GlobalSection(NestedProjects) = preSolution
		{95FD24A1-5801-4838-813F-7E5D6E396555} = {84779E1F-1C0C-45BA-ABAB-CE74800E0544}
		{D545A106-08D2-4AD0-AD5B-1AC65C703A3B} = {84779E1F-1C0C-45BA-ABAB-CE74800E0544}
		{E3E75A12-FD3C-4178-A5F5-2BED6277DD96} = {993423AB-A4B7-455E-9947-602E619DE5E6}
		{8C03BC5E-D682-4182-B340-BEE3AFFDA81F} = {8D5D8EF7-B31F-4DC1-B31F-85133BDFEEAA}
	EndGlobalSection
	GlobalSection(ExtensibilityGlobals) = postSolution
		SolutionGuid = {58EDC750-A9C8-461A-8E4A-300F5025441F}
	EndGlobalSection
EndGlobal
